
Microsoft Visual Studio Solution File, Format Version 12.00
# Visual Studio Version 17
VisualStudioVersion = 17.9.34723.18
MinimumVisualStudioVersion = 10.0.40219.1
Project("{FAE04EC0-301F-11D3-BF4B-00C04F79EFBC}") = "Labb 2 – Linq", "Labb 2 – Linq\Labb 2 – Linq.csproj", "{92E62E0E-433D-4A62-8DE4-709DA8D1EFB5}"
EndProject
Global
	GlobalSection(SolutionConfigurationPlatforms) = preSolution
		Debug|Any CPU = Debug|Any CPU
		Release|Any CPU = Release|Any CPU
	EndGlobalSection
	GlobalSection(ProjectConfigurationPlatforms) = postSolution
		{92E62E0E-433D-4A62-8DE4-709DA8D1EFB5}.Debug|Any CPU.ActiveCfg = Debug|Any CPU
		{92E62E0E-433D-4A62-8DE4-709DA8D1EFB5}.Debug|Any CPU.Build.0 = Debug|Any CPU
		{92E62E0E-433D-4A62-8DE4-709DA8D1EFB5}.Release|Any CPU.ActiveCfg = Release|Any CPU
		{92E62E0E-433D-4A62-8DE4-709DA8D1EFB5}.Release|Any CPU.Build.0 = Release|Any CPU
	EndGlobalSection
	GlobalSection(SolutionProperties) = preSolution
		HideSolutionNode = FALSE
	EndGlobalSection
	GlobalSection(ExtensibilityGlobals) = postSolution
		SolutionGuid = {37DEEFF9-BB9A-40A1-A42D-063B7FDC2EAC}
	EndGlobalSection
EndGlobal
